
Microsoft Visual Studio Solution File, Format Version 12.00
# Visual Studio Version 16
VisualStudioVersion = 16.0.33027.164
MinimumVisualStudioVersion = 10.0.40219.1
Project("{FAE04EC0-301F-11D3-BF4B-00C04F79EFBC}") = "43149707_Assignment_2", "43149707_Assignment_2\43149707_Assignment_2.csproj", "{AB40232F-637C-4636-965D-2E34AA1ECAE9}"
EndProject
Global
	GlobalSection(SolutionConfigurationPlatforms) = preSolution
		Debug|Any CPU = Debug|Any CPU
		Release|Any CPU = Release|Any CPU
	EndGlobalSection
	GlobalSection(ProjectConfigurationPlatforms) = postSolution
		{AB40232F-637C-4636-965D-2E34AA1ECAE9}.Debug|Any CPU.ActiveCfg = Debug|Any CPU
		{AB40232F-637C-4636-965D-2E34AA1ECAE9}.Debug|Any CPU.Build.0 = Debug|Any CPU
		{AB40232F-637C-4636-965D-2E34AA1ECAE9}.Release|Any CPU.ActiveCfg = Release|Any CPU
		{AB40232F-637C-4636-965D-2E34AA1ECAE9}.Release|Any CPU.Build.0 = Release|Any CPU
	EndGlobalSection
	GlobalSection(SolutionProperties) = preSolution
		HideSolutionNode = FALSE
	EndGlobalSection
	GlobalSection(ExtensibilityGlobals) = postSolution
		SolutionGuid = {CE0A0286-6B41-4A24-8975-8F1EE1E25D14}
	EndGlobalSection
EndGlobal
